
Microsoft Visual Studio Solution File, Format Version 12.00
# Visual Studio Version 17
VisualStudioVersion = 17.12.35527.113
MinimumVisualStudioVersion = 10.0.40219.1
Project("{FAE04EC0-301F-11D3-BF4B-00C04F79EFBC}") = "RetroHunter", "RetroHunter\RetroHunter.csproj", "{78F740BA-4769-49D1-80D0-26E67FA84C1F}"
EndProject
Project("{FAE04EC0-301F-11D3-BF4B-00C04F79EFBC}") = "RetroHunter.Desktop", "RetroHunter.Desktop\RetroHunter.Desktop.csproj", "{1237D538-81A7-46EC-9642-192C6F2F32AD}"
EndProject
Project("{FAE04EC0-301F-11D3-BF4B-00C04F79EFBC}") = "RetroHunter.Tests", "RetroHunter.Tests\RetroHunter.Tests.csproj", "{35F53564-82D4-45C8-8624-D63D2D97B34C}"
	ProjectSection(ProjectDependencies) = postProject
		{78F740BA-4769-49D1-80D0-26E67FA84C1F} = {78F740BA-4769-49D1-80D0-26E67FA84C1F}
	EndProjectSection
EndProject
Project("{9A19103F-16F7-4668-BE54-9A1E7A4F7556}") = "DiskReader", "DiskReader\DiskReader.csproj", "{74784A29-85A6-440E-882A-CF49EB52FC34}"
EndProject
Project("{FAE04EC0-301F-11D3-BF4B-00C04F79EFBC}") = "RomPatcher", "RomPatcher\RomPatcher.csproj", "{A20DD641-FF9D-4FB3-923D-5CA1641C9E8A}"
EndProject
Global
	GlobalSection(SolutionConfigurationPlatforms) = preSolution
		Debug|Any CPU = Debug|Any CPU
		Debug|x64 = Debug|x64
		Debug|x86 = Debug|x86
		MinSizeRel|Any CPU = MinSizeRel|Any CPU
		MinSizeRel|x64 = MinSizeRel|x64
		MinSizeRel|x86 = MinSizeRel|x86
		Release|Any CPU = Release|Any CPU
		Release|x64 = Release|x64
		Release|x86 = Release|x86
		RelWithDebInfo|Any CPU = RelWithDebInfo|Any CPU
		RelWithDebInfo|x64 = RelWithDebInfo|x64
		RelWithDebInfo|x86 = RelWithDebInfo|x86
	EndGlobalSection
	GlobalSection(ProjectConfigurationPlatforms) = postSolution
		{78F740BA-4769-49D1-80D0-26E67FA84C1F}.Debug|Any CPU.ActiveCfg = Debug|Any CPU
		{78F740BA-4769-49D1-80D0-26E67FA84C1F}.Debug|Any CPU.Build.0 = Debug|Any CPU
		{78F740BA-4769-49D1-80D0-26E67FA84C1F}.Debug|x64.ActiveCfg = Debug|Any CPU
		{78F740BA-4769-49D1-80D0-26E67FA84C1F}.Debug|x64.Build.0 = Debug|Any CPU
		{78F740BA-4769-49D1-80D0-26E67FA84C1F}.Debug|x86.ActiveCfg = Debug|Any CPU
		{78F740BA-4769-49D1-80D0-26E67FA84C1F}.Debug|x86.Build.0 = Debug|Any CPU
		{78F740BA-4769-49D1-80D0-26E67FA84C1F}.MinSizeRel|Any CPU.ActiveCfg = Release|Any CPU
		{78F740BA-4769-49D1-80D0-26E67FA84C1F}.MinSizeRel|Any CPU.Build.0 = Release|Any CPU
		{78F740BA-4769-49D1-80D0-26E67FA84C1F}.MinSizeRel|x64.ActiveCfg = Release|Any CPU
		{78F740BA-4769-49D1-80D0-26E67FA84C1F}.MinSizeRel|x64.Build.0 = Release|Any CPU
		{78F740BA-4769-49D1-80D0-26E67FA84C1F}.MinSizeRel|x86.ActiveCfg = Release|Any CPU
		{78F740BA-4769-49D1-80D0-26E67FA84C1F}.MinSizeRel|x86.Build.0 = Release|Any CPU
		{78F740BA-4769-49D1-80D0-26E67FA84C1F}.Release|Any CPU.ActiveCfg = Release|Any CPU
		{78F740BA-4769-49D1-80D0-26E67FA84C1F}.Release|Any CPU.Build.0 = Release|Any CPU
		{78F740BA-4769-49D1-80D0-26E67FA84C1F}.Release|x64.ActiveCfg = Release|Any CPU
		{78F740BA-4769-49D1-80D0-26E67FA84C1F}.Release|x64.Build.0 = Release|Any CPU
		{78F740BA-4769-49D1-80D0-26E67FA84C1F}.Release|x86.ActiveCfg = Release|Any CPU
		{78F740BA-4769-49D1-80D0-26E67FA84C1F}.Release|x86.Build.0 = Release|Any CPU
		{78F740BA-4769-49D1-80D0-26E67FA84C1F}.RelWithDebInfo|Any CPU.ActiveCfg = Release|Any CPU
		{78F740BA-4769-49D1-80D0-26E67FA84C1F}.RelWithDebInfo|Any CPU.Build.0 = Release|Any CPU
		{78F740BA-4769-49D1-80D0-26E67FA84C1F}.RelWithDebInfo|x64.ActiveCfg = Release|Any CPU
		{78F740BA-4769-49D1-80D0-26E67FA84C1F}.RelWithDebInfo|x64.Build.0 = Release|Any CPU
		{78F740BA-4769-49D1-80D0-26E67FA84C1F}.RelWithDebInfo|x86.ActiveCfg = Release|Any CPU
		{78F740BA-4769-49D1-80D0-26E67FA84C1F}.RelWithDebInfo|x86.Build.0 = Release|Any CPU
		{1237D538-81A7-46EC-9642-192C6F2F32AD}.Debug|Any CPU.ActiveCfg = Debug|Any CPU
		{1237D538-81A7-46EC-9642-192C6F2F32AD}.Debug|Any CPU.Build.0 = Debug|Any CPU
		{1237D538-81A7-46EC-9642-192C6F2F32AD}.Debug|x64.ActiveCfg = Debug|Any CPU
		{1237D538-81A7-46EC-9642-192C6F2F32AD}.Debug|x64.Build.0 = Debug|Any CPU
		{1237D538-81A7-46EC-9642-192C6F2F32AD}.Debug|x86.ActiveCfg = Debug|Any CPU
		{1237D538-81A7-46EC-9642-192C6F2F32AD}.Debug|x86.Build.0 = Debug|Any CPU
		{1237D538-81A7-46EC-9642-192C6F2F32AD}.MinSizeRel|Any CPU.ActiveCfg = Release|Any CPU
		{1237D538-81A7-46EC-9642-192C6F2F32AD}.MinSizeRel|Any CPU.Build.0 = Release|Any CPU
		{1237D538-81A7-46EC-9642-192C6F2F32AD}.MinSizeRel|x64.ActiveCfg = Release|Any CPU
		{1237D538-81A7-46EC-9642-192C6F2F32AD}.MinSizeRel|x64.Build.0 = Release|Any CPU
		{1237D538-81A7-46EC-9642-192C6F2F32AD}.MinSizeRel|x86.ActiveCfg = Release|Any CPU
		{1237D538-81A7-46EC-9642-192C6F2F32AD}.MinSizeRel|x86.Build.0 = Release|Any CPU
		{1237D538-81A7-46EC-9642-192C6F2F32AD}.Release|Any CPU.ActiveCfg = Release|Any CPU
		{1237D538-81A7-46EC-9642-192C6F2F32AD}.Release|Any CPU.Build.0 = Release|Any CPU
		{1237D538-81A7-46EC-9642-192C6F2F32AD}.Release|x64.ActiveCfg = Release|Any CPU
		{1237D538-81A7-46EC-9642-192C6F2F32AD}.Release|x64.Build.0 = Release|Any CPU
		{1237D538-81A7-46EC-9642-192C6F2F32AD}.Release|x86.ActiveCfg = Release|Any CPU
		{1237D538-81A7-46EC-9642-192C6F2F32AD}.Release|x86.Build.0 = Release|Any CPU
		{1237D538-81A7-46EC-9642-192C6F2F32AD}.RelWithDebInfo|Any CPU.ActiveCfg = Release|Any CPU
		{1237D538-81A7-46EC-9642-192C6F2F32AD}.RelWithDebInfo|Any CPU.Build.0 = Release|Any CPU
		{1237D538-81A7-46EC-9642-192C6F2F32AD}.RelWithDebInfo|x64.ActiveCfg = Release|Any CPU
		{1237D538-81A7-46EC-9642-192C6F2F32AD}.RelWithDebInfo|x64.Build.0 = Release|Any CPU
		{1237D538-81A7-46EC-9642-192C6F2F32AD}.RelWithDebInfo|x86.ActiveCfg = Release|Any CPU
		{1237D538-81A7-46EC-9642-192C6F2F32AD}.RelWithDebInfo|x86.Build.0 = Release|Any CPU
		{35F53564-82D4-45C8-8624-D63D2D97B34C}.Debug|Any CPU.ActiveCfg = Debug|Any CPU
		{35F53564-82D4-45C8-8624-D63D2D97B34C}.Debug|Any CPU.Build.0 = Debug|Any CPU
		{35F53564-82D4-45C8-8624-D63D2D97B34C}.Debug|x64.ActiveCfg = Debug|Any CPU
		{35F53564-82D4-45C8-8624-D63D2D97B34C}.Debug|x64.Build.0 = Debug|Any CPU
		{35F53564-82D4-45C8-8624-D63D2D97B34C}.Debug|x86.ActiveCfg = Debug|Any CPU
		{35F53564-82D4-45C8-8624-D63D2D97B34C}.Debug|x86.Build.0 = Debug|Any CPU
		{35F53564-82D4-45C8-8624-D63D2D97B34C}.MinSizeRel|Any CPU.ActiveCfg = Release|Any CPU
		{35F53564-82D4-45C8-8624-D63D2D97B34C}.MinSizeRel|Any CPU.Build.0 = Release|Any CPU
		{35F53564-82D4-45C8-8624-D63D2D97B34C}.MinSizeRel|x64.ActiveCfg = Release|Any CPU
		{35F53564-82D4-45C8-8624-D63D2D97B34C}.MinSizeRel|x64.Build.0 = Release|Any CPU
		{35F53564-82D4-45C8-8624-D63D2D97B34C}.MinSizeRel|x86.ActiveCfg = Release|Any CPU
		{35F53564-82D4-45C8-8624-D63D2D97B34C}.MinSizeRel|x86.Build.0 = Release|Any CPU
		{35F53564-82D4-45C8-8624-D63D2D97B34C}.Release|Any CPU.ActiveCfg = Release|Any CPU
		{35F53564-82D4-45C8-8624-D63D2D97B34C}.Release|Any CPU.Build.0 = Release|Any CPU
		{35F53564-82D4-45C8-8624-D63D2D97B34C}.Release|x64.ActiveCfg = Release|Any CPU
		{35F53564-82D4-45C8-8624-D63D2D97B34C}.Release|x64.Build.0 = Release|Any CPU
		{35F53564-82D4-45C8-8624-D63D2D97B34C}.Release|x86.ActiveCfg = Release|Any CPU
		{35F53564-82D4-45C8-8624-D63D2D97B34C}.Release|x86.Build.0 = Release|Any CPU
		{35F53564-82D4-45C8-8624-D63D2D97B34C}.RelWithDebInfo|Any CPU.ActiveCfg = Release|Any CPU
		{35F53564-82D4-45C8-8624-D63D2D97B34C}.RelWithDebInfo|Any CPU.Build.0 = Release|Any CPU
		{35F53564-82D4-45C8-8624-D63D2D97B34C}.RelWithDebInfo|x64.ActiveCfg = Release|Any CPU
		{35F53564-82D4-45C8-8624-D63D2D97B34C}.RelWithDebInfo|x64.Build.0 = Release|Any CPU
		{35F53564-82D4-45C8-8624-D63D2D97B34C}.RelWithDebInfo|x86.ActiveCfg = Release|Any CPU
		{35F53564-82D4-45C8-8624-D63D2D97B34C}.RelWithDebInfo|x86.Build.0 = Release|Any CPU
		{74784A29-85A6-440E-882A-CF49EB52FC34}.Debug|Any CPU.ActiveCfg = Debug|Any CPU
		{74784A29-85A6-440E-882A-CF49EB52FC34}.Debug|Any CPU.Build.0 = Debug|Any CPU
		{74784A29-85A6-440E-882A-CF49EB52FC34}.Debug|x64.ActiveCfg = Debug|Any CPU
		{74784A29-85A6-440E-882A-CF49EB52FC34}.Debug|x64.Build.0 = Debug|Any CPU
		{74784A29-85A6-440E-882A-CF49EB52FC34}.Debug|x86.ActiveCfg = Debug|Any CPU
		{74784A29-85A6-440E-882A-CF49EB52FC34}.Debug|x86.Build.0 = Debug|Any CPU
		{74784A29-85A6-440E-882A-CF49EB52FC34}.MinSizeRel|Any CPU.ActiveCfg = Release|Any CPU
		{74784A29-85A6-440E-882A-CF49EB52FC34}.MinSizeRel|Any CPU.Build.0 = Release|Any CPU
		{74784A29-85A6-440E-882A-CF49EB52FC34}.MinSizeRel|x64.ActiveCfg = Release|Any CPU
		{74784A29-85A6-440E-882A-CF49EB52FC34}.MinSizeRel|x64.Build.0 = Release|Any CPU
		{74784A29-85A6-440E-882A-CF49EB52FC34}.MinSizeRel|x86.ActiveCfg = Release|Any CPU
		{74784A29-85A6-440E-882A-CF49EB52FC34}.MinSizeRel|x86.Build.0 = Release|Any CPU
		{74784A29-85A6-440E-882A-CF49EB52FC34}.Release|Any CPU.ActiveCfg = Release|Any CPU
		{74784A29-85A6-440E-882A-CF49EB52FC34}.Release|Any CPU.Build.0 = Release|Any CPU
		{74784A29-85A6-440E-882A-CF49EB52FC34}.Release|x64.ActiveCfg = Release|Any CPU
		{74784A29-85A6-440E-882A-CF49EB52FC34}.Release|x64.Build.0 = Release|Any CPU
		{74784A29-85A6-440E-882A-CF49EB52FC34}.Release|x86.ActiveCfg = Release|Any CPU
		{74784A29-85A6-440E-882A-CF49EB52FC34}.Release|x86.Build.0 = Release|Any CPU
		{74784A29-85A6-440E-882A-CF49EB52FC34}.RelWithDebInfo|Any CPU.ActiveCfg = Release|Any CPU
		{74784A29-85A6-440E-882A-CF49EB52FC34}.RelWithDebInfo|Any CPU.Build.0 = Release|Any CPU
		{74784A29-85A6-440E-882A-CF49EB52FC34}.RelWithDebInfo|x64.ActiveCfg = Release|Any CPU
		{74784A29-85A6-440E-882A-CF49EB52FC34}.RelWithDebInfo|x64.Build.0 = Release|Any CPU
		{74784A29-85A6-440E-882A-CF49EB52FC34}.RelWithDebInfo|x86.ActiveCfg = Release|Any CPU
		{74784A29-85A6-440E-882A-CF49EB52FC34}.RelWithDebInfo|x86.Build.0 = Release|Any CPU
		{A20DD641-FF9D-4FB3-923D-5CA1641C9E8A}.Debug|Any CPU.ActiveCfg = Debug|Any CPU
		{A20DD641-FF9D-4FB3-923D-5CA1641C9E8A}.Debug|Any CPU.Build.0 = Debug|Any CPU
		{A20DD641-FF9D-4FB3-923D-5CA1641C9E8A}.Debug|x64.ActiveCfg = Debug|Any CPU
		{A20DD641-FF9D-4FB3-923D-5CA1641C9E8A}.Debug|x64.Build.0 = Debug|Any CPU
		{A20DD641-FF9D-4FB3-923D-5CA1641C9E8A}.Debug|x86.ActiveCfg = Debug|Any CPU
		{A20DD641-FF9D-4FB3-923D-5CA1641C9E8A}.Debug|x86.Build.0 = Debug|Any CPU
		{A20DD641-FF9D-4FB3-923D-5CA1641C9E8A}.MinSizeRel|Any CPU.ActiveCfg = Debug|Any CPU
		{A20DD641-FF9D-4FB3-923D-5CA1641C9E8A}.MinSizeRel|Any CPU.Build.0 = Debug|Any CPU
		{A20DD641-FF9D-4FB3-923D-5CA1641C9E8A}.MinSizeRel|x64.ActiveCfg = Debug|Any CPU
		{A20DD641-FF9D-4FB3-923D-5CA1641C9E8A}.MinSizeRel|x64.Build.0 = Debug|Any CPU
		{A20DD641-FF9D-4FB3-923D-5CA1641C9E8A}.MinSizeRel|x86.ActiveCfg = Debug|Any CPU
		{A20DD641-FF9D-4FB3-923D-5CA1641C9E8A}.MinSizeRel|x86.Build.0 = Debug|Any CPU
		{A20DD641-FF9D-4FB3-923D-5CA1641C9E8A}.Release|Any CPU.ActiveCfg = Release|Any CPU
		{A20DD641-FF9D-4FB3-923D-5CA1641C9E8A}.Release|Any CPU.Build.0 = Release|Any CPU
		{A20DD641-FF9D-4FB3-923D-5CA1641C9E8A}.Release|x64.ActiveCfg = Release|Any CPU
		{A20DD641-FF9D-4FB3-923D-5CA1641C9E8A}.Release|x64.Build.0 = Release|Any CPU
		{A20DD641-FF9D-4FB3-923D-5CA1641C9E8A}.Release|x86.ActiveCfg = Release|Any CPU
		{A20DD641-FF9D-4FB3-923D-5CA1641C9E8A}.Release|x86.Build.0 = Release|Any CPU
		{A20DD641-FF9D-4FB3-923D-5CA1641C9E8A}.RelWithDebInfo|Any CPU.ActiveCfg = Debug|Any CPU
		{A20DD641-FF9D-4FB3-923D-5CA1641C9E8A}.RelWithDebInfo|Any CPU.Build.0 = Debug|Any CPU
		{A20DD641-FF9D-4FB3-923D-5CA1641C9E8A}.RelWithDebInfo|x64.ActiveCfg = Debug|Any CPU
		{A20DD641-FF9D-4FB3-923D-5CA1641C9E8A}.RelWithDebInfo|x64.Build.0 = Debug|Any CPU
		{A20DD641-FF9D-4FB3-923D-5CA1641C9E8A}.RelWithDebInfo|x86.ActiveCfg = Debug|Any CPU
		{A20DD641-FF9D-4FB3-923D-5CA1641C9E8A}.RelWithDebInfo|x86.Build.0 = Debug|Any CPU
	EndGlobalSection
	GlobalSection(SolutionProperties) = preSolution
		HideSolutionNode = FALSE
	EndGlobalSection
EndGlobal
